<?xml version="1.0" encoding="utf-8"?>
<Project ToolsVersion="4.0" xmlns="http://schemas.microsoft.com/developer/msbuild/2003">
  <ItemGroup>
    <Filter Include="源文件">
      <UniqueIdentifier>{4FC737F1-C7A5-4376-A066-2A32D752A2FF}</UniqueIdentifier>
      <Extensions>cpp;c;cc;cxx;def;odl;idl;hpj;bat;asm;asmx</Extensions>
    </Filter>
    <Filter Include="头文件">
      <UniqueIdentifier>{93995380-89BD-4b04-88EB-625FBE52EBFB}</UniqueIdentifier>
      <Extensions>h;hpp;hxx;hm;inl;inc;xsd</Extensions>
    </Filter>
    <Filter Include="资源文件">
      <UniqueIdentifier>{67DA6AB6-F800-4c08-8B7A-83BB121AAD01}</UniqueIdentifier>
      <Extensions>rc;ico;cur;bmp;dlg;rc2;rct;bin;rgs;gif;jpg;jpeg;jpe;resx;tiff;tif;png;wav;mfcribbon-ms</Extensions>
    </Filter>
  </ItemGroup>
  <ItemGroup>
    <Text Include="ReadMe.txt" />
  </ItemGroup>
  <ItemGroup>
    <ClInclude Include="stdafx.h">
      <Filter>头文件</Filter>
    </ClInclude>
    <ClInclude Include="targetver.h">
      <Filter>头文件</Filter>
    </ClInclude>
    <ClInclude Include="mBitstream.h">
      <Filter>头文件</Filter>
    </ClInclude>
    <ClInclude Include="mSplit.h">
      <Filter>头文件</Filter>
    </ClInclude>
    <ClInclude Include="mQrencode.h">
      <Filter>头文件</Filter>
    </ClInclude>
    <ClInclude Include="mQrinput.h">
      <Filter>头文件</Filter>
    </ClInclude>
    <ClInclude Include="config.h">
      <Filter>头文件</Filter>
    </ClInclude>
    <ClInclude Include="mQrspec.h">
      <Filter>头文件</Filter>
    </ClInclude>
    <ClInclude Include="mmQrspec.h">
      <Filter>头文件</Filter>
    </ClInclude>
    <ClInclude Include="mRscode.h">
      <Filter>头文件</Filter>
    </ClInclude>
    <ClInclude Include="mMask.h">
      <Filter>头文件</Filter>
    </ClInclude>
    <ClInclude Include="mmMask.h">
      <Filter>头文件</Filter>
    </ClInclude>
    <ClInclude Include="test.h">
      <Filter>头文件</Filter>
    </ClInclude>
    <ClInclude Include="showbits.h">
      <Filter>头文件</Filter>
    </ClInclude>
    <ClInclude Include="mQrBitMapEncoder.h">
      <Filter>头文件</Filter>
    </ClInclude>
  </ItemGroup>
  <ItemGroup>
    <ClCompile Include="stdafx.cpp">
      <Filter>源文件</Filter>
    </ClCompile>
    <ClCompile Include="QR.cpp">
      <Filter>源文件</Filter>
    </ClCompile>
    <ClCompile Include="mBitstream.cpp">
      <Filter>源文件</Filter>
    </ClCompile>
    <ClCompile Include="mSplit.cpp">
      <Filter>源文件</Filter>
    </ClCompile>
    <ClCompile Include="mQrinput.cpp">
      <Filter>源文件</Filter>
    </ClCompile>
    <ClCompile Include="mQrspec.cpp">
      <Filter>源文件</Filter>
    </ClCompile>
    <ClCompile Include="mmQrspec.cpp">
      <Filter>源文件</Filter>
    </ClCompile>
    <ClCompile Include="mQrencode.cpp">
      <Filter>源文件</Filter>
    </ClCompile>
    <ClCompile Include="mRscode.cpp">
      <Filter>源文件</Filter>
    </ClCompile>
    <ClCompile Include="mMask.cpp">
      <Filter>源文件</Filter>
    </ClCompile>
    <ClCompile Include="mmMask.cpp">
      <Filter>源文件</Filter>
    </ClCompile>
    <ClCompile Include="mQrBitMapEncoder.cpp">
      <Filter>源文件</Filter>
    </ClCompile>
  </ItemGroup>
</Project>